
Microsoft Visual Studio Solution File, Format Version 12.00
# Visual Studio 15
VisualStudioVersion = 15.0.27130.2027
MinimumVisualStudioVersion = 10.0.40219.1
Project("{FAE04EC0-301F-11D3-BF4B-00C04F79EFBC}") = "MyWalletApp", "MyWalletApp\MyWalletApp.csproj", "{98432E4A-58C7-427C-B34F-2ED1F1349FA3}"
EndProject
Project("{FAE04EC0-301F-11D3-BF4B-00C04F79EFBC}") = "MyWalletApp.Logic", "MyWalletApp.Logic\MyWalletApp.Logic.csproj", "{F1D2925D-C099-413A-AB1C-969625490DB8}"
EndProject
Project("{FAE04EC0-301F-11D3-BF4B-00C04F79EFBC}") = "MyWalletApp.Data", "MyWalletApp.Data\MyWalletApp.Data.csproj", "{94F2136C-4E59-4EB6-A75D-472BEE77F30A}"
EndProject
Global
	GlobalSection(SolutionConfigurationPlatforms) = preSolution
		Debug|Any CPU = Debug|Any CPU
		Release|Any CPU = Release|Any CPU
	EndGlobalSection
	GlobalSection(ProjectConfigurationPlatforms) = postSolution
		{98432E4A-58C7-427C-B34F-2ED1F1349FA3}.Debug|Any CPU.ActiveCfg = Debug|Any CPU
		{98432E4A-58C7-427C-B34F-2ED1F1349FA3}.Debug|Any CPU.Build.0 = Debug|Any CPU
		{98432E4A-58C7-427C-B34F-2ED1F1349FA3}.Release|Any CPU.ActiveCfg = Release|Any CPU
		{98432E4A-58C7-427C-B34F-2ED1F1349FA3}.Release|Any CPU.Build.0 = Release|Any CPU
		{F1D2925D-C099-413A-AB1C-969625490DB8}.Debug|Any CPU.ActiveCfg = Debug|Any CPU
		{F1D2925D-C099-413A-AB1C-969625490DB8}.Debug|Any CPU.Build.0 = Debug|Any CPU
		{F1D2925D-C099-413A-AB1C-969625490DB8}.Release|Any CPU.ActiveCfg = Release|Any CPU
		{F1D2925D-C099-413A-AB1C-969625490DB8}.Release|Any CPU.Build.0 = Release|Any CPU
		{94F2136C-4E59-4EB6-A75D-472BEE77F30A}.Debug|Any CPU.ActiveCfg = Debug|Any CPU
		{94F2136C-4E59-4EB6-A75D-472BEE77F30A}.Debug|Any CPU.Build.0 = Debug|Any CPU
		{94F2136C-4E59-4EB6-A75D-472BEE77F30A}.Release|Any CPU.ActiveCfg = Release|Any CPU
		{94F2136C-4E59-4EB6-A75D-472BEE77F30A}.Release|Any CPU.Build.0 = Release|Any CPU
	EndGlobalSection
	GlobalSection(SolutionProperties) = preSolution
		HideSolutionNode = FALSE
	EndGlobalSection
	GlobalSection(ExtensibilityGlobals) = postSolution
		SolutionGuid = {2CB92B90-55F6-4781-AF1F-454AE55F6C3A}
	EndGlobalSection
EndGlobal
